
Microsoft Visual Studio Solution File, Format Version 12.00
# Visual Studio Version 16
VisualStudioVersion = 16.0.28803.352
MinimumVisualStudioVersion = 10.0.40219.1
Project("{FAE04EC0-301F-11D3-BF4B-00C04F79EFBC}") = "成绩管理系统winform版", "成绩管理系统winform版.csproj", "{6B1D84E7-0692-45E9-8574-0575D2D3DFC8}"
EndProject
Global
	GlobalSection(SolutionConfigurationPlatforms) = preSolution
		Debug|Any CPU = Debug|Any CPU
		Release|Any CPU = Release|Any CPU
	EndGlobalSection
	GlobalSection(ProjectConfigurationPlatforms) = postSolution
		{6B1D84E7-0692-45E9-8574-0575D2D3DFC8}.Debug|Any CPU.ActiveCfg = Debug|Any CPU
		{6B1D84E7-0692-45E9-8574-0575D2D3DFC8}.Debug|Any CPU.Build.0 = Debug|Any CPU
		{6B1D84E7-0692-45E9-8574-0575D2D3DFC8}.Release|Any CPU.ActiveCfg = Release|Any CPU
		{6B1D84E7-0692-45E9-8574-0575D2D3DFC8}.Release|Any CPU.Build.0 = Release|Any CPU
	EndGlobalSection
	GlobalSection(SolutionProperties) = preSolution
		HideSolutionNode = FALSE
	EndGlobalSection
	GlobalSection(ExtensibilityGlobals) = postSolution
		SolutionGuid = {6EBFD1B5-F2C2-411F-B66E-F4D29B67FACD}
	EndGlobalSection
EndGlobal
