
Microsoft Visual Studio Solution File, Format Version 11.00
# Visual Studio 2010
Project("{FAE04EC0-301F-11D3-BF4B-00C04F79EFBC}") = "this 用于构造函数声明", "this 用于构造函数声明\this 用于构造函数声明.csproj", "{FC137B61-65AD-458F-A6F9-170CC123D682}"
EndProject
Global
	GlobalSection(SolutionConfigurationPlatforms) = preSolution
		Debug|x86 = Debug|x86
		Release|x86 = Release|x86
	EndGlobalSection
	GlobalSection(ProjectConfigurationPlatforms) = postSolution
		{FC137B61-65AD-458F-A6F9-170CC123D682}.Debug|x86.ActiveCfg = Debug|x86
		{FC137B61-65AD-458F-A6F9-170CC123D682}.Debug|x86.Build.0 = Debug|x86
		{FC137B61-65AD-458F-A6F9-170CC123D682}.Release|x86.ActiveCfg = Release|x86
		{FC137B61-65AD-458F-A6F9-170CC123D682}.Release|x86.Build.0 = Release|x86
	EndGlobalSection
	GlobalSection(SolutionProperties) = preSolution
		HideSolutionNode = FALSE
	EndGlobalSection
EndGlobal
