
Microsoft Visual Studio Solution File, Format Version 11.00
# Visual Studio 2010
Project("{FAE04EC0-301F-11D3-BF4B-00C04F79EFBC}") = "面向对象", "面向对象\面向对象.csproj", "{07EE1007-6CAC-468D-8FC3-436B0A1FF7CB}"
EndProject
Global
	GlobalSection(SolutionConfigurationPlatforms) = preSolution
		Debug|x86 = Debug|x86
		Release|x86 = Release|x86
	EndGlobalSection
	GlobalSection(ProjectConfigurationPlatforms) = postSolution
		{07EE1007-6CAC-468D-8FC3-436B0A1FF7CB}.Debug|x86.ActiveCfg = Debug|x86
		{07EE1007-6CAC-468D-8FC3-436B0A1FF7CB}.Debug|x86.Build.0 = Debug|x86
		{07EE1007-6CAC-468D-8FC3-436B0A1FF7CB}.Release|x86.ActiveCfg = Release|x86
		{07EE1007-6CAC-468D-8FC3-436B0A1FF7CB}.Release|x86.Build.0 = Release|x86
	EndGlobalSection
	GlobalSection(SolutionProperties) = preSolution
		HideSolutionNode = FALSE
	EndGlobalSection
EndGlobal
